
Microsoft Visual Studio Solution File, Format Version 12.00
# Visual Studio Version 17
VisualStudioVersion = 17.6.33717.318
MinimumVisualStudioVersion = 10.0.40219.1
Project("{9A19103F-16F7-4668-BE54-9A1E7A4F7556}") = "Auctions", "Auctions.csproj", "{E9962FE7-748A-46AB-A578-73B339F5A8C7}"
EndProject
Project("{2150E333-8FDC-42A3-9474-1A3956D46DE8}") = "Элементы решения", "Элементы решения", "{FBDD7433-BE7D-4784-B5CB-1FC3C8C49C46}"
	ProjectSection(SolutionItems) = preProject
		README.md = README.md
	EndProjectSection
EndProject
Global
	GlobalSection(SolutionConfigurationPlatforms) = preSolution
		Debug|Any CPU = Debug|Any CPU
		Release|Any CPU = Release|Any CPU
	EndGlobalSection
	GlobalSection(ProjectConfigurationPlatforms) = postSolution
		{E9962FE7-748A-46AB-A578-73B339F5A8C7}.Debug|Any CPU.ActiveCfg = Debug|Any CPU
		{E9962FE7-748A-46AB-A578-73B339F5A8C7}.Debug|Any CPU.Build.0 = Debug|Any CPU
		{E9962FE7-748A-46AB-A578-73B339F5A8C7}.Release|Any CPU.ActiveCfg = Release|Any CPU
		{E9962FE7-748A-46AB-A578-73B339F5A8C7}.Release|Any CPU.Build.0 = Release|Any CPU
	EndGlobalSection
	GlobalSection(SolutionProperties) = preSolution
		HideSolutionNode = FALSE
	EndGlobalSection
	GlobalSection(ExtensibilityGlobals) = postSolution
		SolutionGuid = {3282E499-317E-4DE1-A47B-900A8B434A5B}
	EndGlobalSection
EndGlobal
